
Microsoft Visual Studio Solution File, Format Version 12.00
# Visual Studio Version 16
VisualStudioVersion = 16.0.32510.428
MinimumVisualStudioVersion = 10.0.40219.1
Project("{54435603-DBB4-11D2-8724-00A0C9A8B90C}") = "Setup", "Setup\Setup.vdproj", "{F9E3BBEA-DFFB-47D5-98ED-F46C06FFA3CF}"
EndProject
Project("{FAE04EC0-301F-11D3-BF4B-00C04F79EFBC}") = "FindingMirroredElements", "FindingMirroredElements\FindingMirroredElements.csproj", "{4F19C0D5-F74E-4498-B629-6D2FD3EE201F}"
EndProject
Global
	GlobalSection(SolutionConfigurationPlatforms) = preSolution
		Debug|Any CPU = Debug|Any CPU
		Release|Any CPU = Release|Any CPU
	EndGlobalSection
	GlobalSection(ProjectConfigurationPlatforms) = postSolution
		{F9E3BBEA-DFFB-47D5-98ED-F46C06FFA3CF}.Debug|Any CPU.ActiveCfg = Release
		{F9E3BBEA-DFFB-47D5-98ED-F46C06FFA3CF}.Debug|Any CPU.Build.0 = Release
		{F9E3BBEA-DFFB-47D5-98ED-F46C06FFA3CF}.Release|Any CPU.ActiveCfg = Release
		{F9E3BBEA-DFFB-47D5-98ED-F46C06FFA3CF}.Release|Any CPU.Build.0 = Release
		{4F19C0D5-F74E-4498-B629-6D2FD3EE201F}.Debug|Any CPU.ActiveCfg = Debug|Any CPU
		{4F19C0D5-F74E-4498-B629-6D2FD3EE201F}.Debug|Any CPU.Build.0 = Debug|Any CPU
		{4F19C0D5-F74E-4498-B629-6D2FD3EE201F}.Release|Any CPU.ActiveCfg = Release|Any CPU
		{4F19C0D5-F74E-4498-B629-6D2FD3EE201F}.Release|Any CPU.Build.0 = Release|Any CPU
	EndGlobalSection
	GlobalSection(SolutionProperties) = preSolution
		HideSolutionNode = FALSE
	EndGlobalSection
	GlobalSection(ExtensibilityGlobals) = postSolution
		SolutionGuid = {A010508A-2807-4600-AFAF-781BE8B5156E}
	EndGlobalSection
EndGlobal
